// !$*UTF8*$!
{
	archiveVersion = 1;
	classes = {
	};
	objectVersion = 56;
	objects = {

/* Begin PBXBuildFile section */
		2FD17137C629CA556661605E /* Pods_Apple_Music.framework in Frameworks */ = {isa = PBXBuildFile; fileRef = F36EDFA222906C874304ED91 /* Pods_Apple_Music.framework */; };
		781C347E2A72883F005A1F8E /* AppDelegate.swift in Sources */ = {isa = PBXBuildFile; fileRef = 781C347D2A72883F005A1F8E /* AppDelegate.swift */; };
		781C34802A72883F005A1F8E /* SceneDelegate.swift in Sources */ = {isa = PBXBuildFile; fileRef = 781C347F2A72883F005A1F8E /* SceneDelegate.swift */; };
		781C34822A72883F005A1F8E /* ViewController.swift in Sources */ = {isa = PBXBuildFile; fileRef = 781C34812A72883F005A1F8E /* ViewController.swift */; };
		781C34852A72883F005A1F8E /* Main.storyboard in Resources */ = {isa = PBXBuildFile; fileRef = 781C34832A72883F005A1F8E /* Main.storyboard */; };
		781C34872A728841005A1F8E /* Assets.xcassets in Resources */ = {isa = PBXBuildFile; fileRef = 781C34862A728841005A1F8E /* Assets.xcassets */; };
		781C348A2A728841005A1F8E /* LaunchScreen.storyboard in Resources */ = {isa = PBXBuildFile; fileRef = 781C34882A728841005A1F8E /* LaunchScreen.storyboard */; };
		781C34922A7288A4005A1F8E /* MainTabBarController.swift in Sources */ = {isa = PBXBuildFile; fileRef = 781C34912A7288A4005A1F8E /* MainTabBarController.swift */; };
		781C34942A728A33005A1F8E /* SearchViewController.swift in Sources */ = {isa = PBXBuildFile; fileRef = 781C34932A728A33005A1F8E /* SearchViewController.swift */; };
		788D309E2A76B19100B6E049 /* SearchResponse.swift in Sources */ = {isa = PBXBuildFile; fileRef = 788D309D2A76B19100B6E049 /* SearchResponse.swift */; };
		788D30A02A76D88900B6E049 /* NetworkService.swift in Sources */ = {isa = PBXBuildFile; fileRef = 788D309F2A76D88900B6E049 /* NetworkService.swift */; };
		78D1A4F62A771382003C0A11 /* TrackCell.xib in Resources */ = {isa = PBXBuildFile; fileRef = 78D1A4F52A771382003C0A11 /* TrackCell.xib */; };
		78D1A4F82A7713AA003C0A11 /* TrackCell.swift in Sources */ = {isa = PBXBuildFile; fileRef = 78D1A4F72A7713AA003C0A11 /* TrackCell.swift */; };
		78D1A4FB2A7715F3003C0A11 /* Cell-ID.swift in Sources */ = {isa = PBXBuildFile; fileRef = 78D1A4FA2A7715F3003C0A11 /* Cell-ID.swift */; };
		78D1A4FD2A7715FF003C0A11 /* NibLoading.swift in Sources */ = {isa = PBXBuildFile; fileRef = 78D1A4FC2A7715FF003C0A11 /* NibLoading.swift */; };
		78F4DF322A77E49E0063EC1E /* FooterView.swift in Sources */ = {isa = PBXBuildFile; fileRef = 78F4DF312A77E49E0063EC1E /* FooterView.swift */; };
		78F4DF352A7927DD0063EC1E /* TrackDetailView.xib in Resources */ = {isa = PBXBuildFile; fileRef = 78F4DF342A7927DD0063EC1E /* TrackDetailView.xib */; };
		78F4DF392A79281F0063EC1E /* TrackDetailView.swift in Sources */ = {isa = PBXBuildFile; fileRef = 78F4DF382A79281F0063EC1E /* TrackDetailView.swift */; };
/* End PBXBuildFile section */

/* Begin PBXFileReference section */
		4C94EB54D9F58E274A4BAAB5 /* Pods-Apple Music.release.xcconfig */ = {isa = PBXFileReference; includeInIndex = 1; lastKnownFileType = text.xcconfig; name = "Pods-Apple Music.release.xcconfig"; path = "Target Support Files/Pods-Apple Music/Pods-Apple Music.release.xcconfig"; sourceTree = "<group>"; };
		781C347A2A72883F005A1F8E /* Apple Music.app */ = {isa = PBXFileReference; explicitFileType = wrapper.application; includeInIndex = 0; path = "Apple Music.app"; sourceTree = BUILT_PRODUCTS_DIR; };
		781C347D2A72883F005A1F8E /* AppDelegate.swift */ = {isa = PBXFileReference; lastKnownFileType = sourcecode.swift; path = AppDelegate.swift; sourceTree = "<group>"; };
		781C347F2A72883F005A1F8E /* SceneDelegate.swift */ = {isa = PBXFileReference; lastKnownFileType = sourcecode.swift; path = SceneDelegate.swift; sourceTree = "<group>"; };
		781C34812A72883F005A1F8E /* ViewController.swift */ = {isa = PBXFileReference; lastKnownFileType = sourcecode.swift; path = ViewController.swift; sourceTree = "<group>"; };
		781C34842A72883F005A1F8E /* Base */ = {isa = PBXFileReference; lastKnownFileType = file.storyboard; name = Base; path = Base.lproj/Main.storyboard; sourceTree = "<group>"; };
		781C34862A728841005A1F8E /* Assets.xcassets */ = {isa = PBXFileReference; lastKnownFileType = folder.assetcatalog; path = Assets.xcassets; sourceTree = "<group>"; };
		781C34892A728841005A1F8E /* Base */ = {isa = PBXFileReference; lastKnownFileType = file.storyboard; name = Base; path = Base.lproj/LaunchScreen.storyboard; sourceTree = "<group>"; };
		781C348B2A728841005A1F8E /* Info.plist */ = {isa = PBXFileReference; lastKnownFileType = text.plist.xml; path = Info.plist; sourceTree = "<group>"; };
		781C34912A7288A4005A1F8E /* MainTabBarController.swift */ = {isa = PBXFileReference; lastKnownFileType = sourcecode.swift; path = MainTabBarController.swift; sourceTree = "<group>"; };
		781C34932A728A33005A1F8E /* SearchViewController.swift */ = {isa = PBXFileReference; lastKnownFileType = sourcecode.swift; path = SearchViewController.swift; sourceTree = "<group>"; };
		788D309D2A76B19100B6E049 /* SearchResponse.swift */ = {isa = PBXFileReference; lastKnownFileType = sourcecode.swift; path = SearchResponse.swift; sourceTree = "<group>"; };
		788D309F2A76D88900B6E049 /* NetworkService.swift */ = {isa = PBXFileReference; lastKnownFileType = sourcecode.swift; path = NetworkService.swift; sourceTree = "<group>"; };
		78D1A4F52A771382003C0A11 /* TrackCell.xib */ = {isa = PBXFileReference; lastKnownFileType = file.xib; path = TrackCell.xib; sourceTree = "<group>"; };
		78D1A4F72A7713AA003C0A11 /* TrackCell.swift */ = {isa = PBXFileReference; lastKnownFileType = sourcecode.swift; path = TrackCell.swift; sourceTree = "<group>"; };
		78D1A4FA2A7715F3003C0A11 /* Cell-ID.swift */ = {isa = PBXFileReference; lastKnownFileType = sourcecode.swift; path = "Cell-ID.swift"; sourceTree = "<group>"; };
		78D1A4FC2A7715FF003C0A11 /* NibLoading.swift */ = {isa = PBXFileReference; lastKnownFileType = sourcecode.swift; path = NibLoading.swift; sourceTree = "<group>"; };
		78F4DF312A77E49E0063EC1E /* FooterView.swift */ = {isa = PBXFileReference; lastKnownFileType = sourcecode.swift; path = FooterView.swift; sourceTree = "<group>"; };
		78F4DF342A7927DD0063EC1E /* TrackDetailView.xib */ = {isa = PBXFileReference; lastKnownFileType = file.xib; path = TrackDetailView.xib; sourceTree = "<group>"; };
		78F4DF382A79281F0063EC1E /* TrackDetailView.swift */ = {isa = PBXFileReference; lastKnownFileType = sourcecode.swift; path = TrackDetailView.swift; sourceTree = "<group>"; };
		F36EDFA222906C874304ED91 /* Pods_Apple_Music.framework */ = {isa = PBXFileReference; explicitFileType = wrapper.framework; includeInIndex = 0; path = Pods_Apple_Music.framework; sourceTree = BUILT_PRODUCTS_DIR; };
		FAE1493713704004FB120C31 /* Pods-Apple Music.debug.xcconfig */ = {isa = PBXFileReference; includeInIndex = 1; lastKnownFileType = text.xcconfig; name = "Pods-Apple Music.debug.xcconfig"; path = "Target Support Files/Pods-Apple Music/Pods-Apple Music.debug.xcconfig"; sourceTree = "<group>"; };
/* End PBXFileReference section */

/* Begin PBXFrameworksBuildPhase section */
		781C34772A72883F005A1F8E /* Frameworks */ = {
			isa = PBXFrameworksBuildPhase;
			buildActionMask = 2147483647;
			files = (
				2FD17137C629CA556661605E /* Pods_Apple_Music.framework in Frameworks */,
			);
			runOnlyForDeploymentPostprocessing = 0;
		};
/* End PBXFrameworksBuildPhase section */

/* Begin PBXGroup section */
		3573C6FAB087FE7DAA7FE68A /* Pods */ = {
			isa = PBXGroup;
			children = (
				FAE1493713704004FB120C31 /* Pods-Apple Music.debug.xcconfig */,
				4C94EB54D9F58E274A4BAAB5 /* Pods-Apple Music.release.xcconfig */,
			);
			path = Pods;
			sourceTree = "<group>";
		};
		4144196F24F123864178A673 /* Frameworks */ = {
			isa = PBXGroup;
			children = (
				F36EDFA222906C874304ED91 /* Pods_Apple_Music.framework */,
			);
			name = Frameworks;
			sourceTree = "<group>";
		};
		781C34712A72883F005A1F8E = {
			isa = PBXGroup;
			children = (
				781C347C2A72883F005A1F8E /* Apple Music */,
				781C347B2A72883F005A1F8E /* Products */,
				3573C6FAB087FE7DAA7FE68A /* Pods */,
				4144196F24F123864178A673 /* Frameworks */,
			);
			sourceTree = "<group>";
		};
		781C347B2A72883F005A1F8E /* Products */ = {
			isa = PBXGroup;
			children = (
				781C347A2A72883F005A1F8E /* Apple Music.app */,
			);
			name = Products;
			sourceTree = "<group>";
		};
		781C347C2A72883F005A1F8E /* Apple Music */ = {
			isa = PBXGroup;
			children = (
				78D1A4F92A7715E4003C0A11 /* Extensions */,
				78D1A4DE2A76E148003C0A11 /* Services */,
				78D1A4F32A771267003C0A11 /* Models */,
				78F4DF302A77E4710063EC1E /* View */,
				78D1A4F22A771152003C0A11 /* ViewControllers */,
				78F4DF332A77EC400063EC1E /* Supporting Files */,
			);
			path = "Apple Music";
			sourceTree = "<group>";
		};
		78D1A4DE2A76E148003C0A11 /* Services */ = {
			isa = PBXGroup;
			children = (
				788D309F2A76D88900B6E049 /* NetworkService.swift */,
			);
			path = Services;
			sourceTree = "<group>";
		};
		78D1A4F22A771152003C0A11 /* ViewControllers */ = {
			isa = PBXGroup;
			children = (
				781C34932A728A33005A1F8E /* SearchViewController.swift */,
				781C34812A72883F005A1F8E /* ViewController.swift */,
				781C34912A7288A4005A1F8E /* MainTabBarController.swift */,
			);
			path = ViewControllers;
			sourceTree = "<group>";
		};
		78D1A4F32A771267003C0A11 /* Models */ = {
			isa = PBXGroup;
			children = (
				788D309D2A76B19100B6E049 /* SearchResponse.swift */,
			);
			path = Models;
			sourceTree = "<group>";
		};
		78D1A4F42A771351003C0A11 /* Cell's */ = {
			isa = PBXGroup;
			children = (
				78D1A4F52A771382003C0A11 /* TrackCell.xib */,
				78D1A4F72A7713AA003C0A11 /* TrackCell.swift */,
			);
			path = "Cell's";
			sourceTree = "<group>";
		};
		78D1A4F92A7715E4003C0A11 /* Extensions */ = {
			isa = PBXGroup;
			children = (
				78D1A4FA2A7715F3003C0A11 /* Cell-ID.swift */,
				78D1A4FC2A7715FF003C0A11 /* NibLoading.swift */,
			);
			path = Extensions;
			sourceTree = "<group>";
		};
		78F4DF302A77E4710063EC1E /* View */ = {
			isa = PBXGroup;
			children = (
				78D1A4F42A771351003C0A11 /* Cell's */,
				78F4DF312A77E49E0063EC1E /* FooterView.swift */,
				78F4DF342A7927DD0063EC1E /* TrackDetailView.xib */,
				78F4DF382A79281F0063EC1E /* TrackDetailView.swift */,
			);
			path = View;
			sourceTree = "<group>";
		};
		78F4DF332A77EC400063EC1E /* Supporting Files */ = {
			isa = PBXGroup;
			children = (
				781C347F2A72883F005A1F8E /* SceneDelegate.swift */,
				781C347D2A72883F005A1F8E /* AppDelegate.swift */,
				781C34832A72883F005A1F8E /* Main.storyboard */,
				781C34862A728841005A1F8E /* Assets.xcassets */,
				781C34882A728841005A1F8E /* LaunchScreen.storyboard */,
				781C348B2A728841005A1F8E /* Info.plist */,
			);
			path = "Supporting Files";
			sourceTree = "<group>";
		};
/* End PBXGroup section */

/* Begin PBXNativeTarget section */
		781C34792A72883F005A1F8E /* Apple Music */ = {
			isa = PBXNativeTarget;
			buildConfigurationList = 781C348E2A728841005A1F8E /* Build configuration list for PBXNativeTarget "Apple Music" */;
			buildPhases = (
				200AE5614AB841439DCF30B5 /* [CP] Check Pods Manifest.lock */,
				781C34762A72883F005A1F8E /* Sources */,
				781C34772A72883F005A1F8E /* Frameworks */,
				781C34782A72883F005A1F8E /* Resources */,
				82717F5D3D9017E93F8F7215 /* [CP] Embed Pods Frameworks */,
			);
			buildRules = (
			);
			dependencies = (
			);
			name = "Apple Music";
			productName = "Apple Music";
			productReference = 781C347A2A72883F005A1F8E /* Apple Music.app */;
			productType = "com.apple.product-type.application";
		};
/* End PBXNativeTarget section */

/* Begin PBXProject section */
		781C34722A72883F005A1F8E /* Project object */ = {
			isa = PBXProject;
			attributes = {
				BuildIndependentTargetsInParallel = 1;
				LastSwiftUpdateCheck = 1420;
				LastUpgradeCheck = 1420;
				TargetAttributes = {
					781C34792A72883F005A1F8E = {
						CreatedOnToolsVersion = 14.2;
					};
				};
			};
			buildConfigurationList = 781C34752A72883F005A1F8E /* Build configuration list for PBXProject "Apple Music" */;
			compatibilityVersion = "Xcode 14.0";
			developmentRegion = en;
			hasScannedForEncodings = 0;
			knownRegions = (
				en,
				Base,
			);
			mainGroup = 781C34712A72883F005A1F8E;
			productRefGroup = 781C347B2A72883F005A1F8E /* Products */;
			projectDirPath = "";
			projectRoot = "";
			targets = (
				781C34792A72883F005A1F8E /* Apple Music */,
			);
		};
/* End PBXProject section */

/* Begin PBXResourcesBuildPhase section */
		781C34782A72883F005A1F8E /* Resources */ = {
			isa = PBXResourcesBuildPhase;
			buildActionMask = 2147483647;
			files = (
				781C348A2A728841005A1F8E /* LaunchScreen.storyboard in Resources */,
				781C34872A728841005A1F8E /* Assets.xcassets in Resources */,
				781C34852A72883F005A1F8E /* Main.storyboard in Resources */,
				78D1A4F62A771382003C0A11 /* TrackCell.xib in Resources */,
				78F4DF352A7927DD0063EC1E /* TrackDetailView.xib in Resources */,
			);
			runOnlyForDeploymentPostprocessing = 0;
		};
/* End PBXResourcesBuildPhase section */

/* Begin PBXShellScriptBuildPhase section */
		200AE5614AB841439DCF30B5 /* [CP] Check Pods Manifest.lock */ = {
			isa = PBXShellScriptBuildPhase;
			buildActionMask = 2147483647;
			files = (
			);
			inputFileListPaths = (
			);
			inputPaths = (
				"${PODS_PODFILE_DIR_PATH}/Podfile.lock",
				"${PODS_ROOT}/Manifest.lock",
			);
			name = "[CP] Check Pods Manifest.lock";
			outputFileListPaths = (
			);
			outputPaths = (
				"$(DERIVED_FILE_DIR)/Pods-Apple Music-checkManifestLockResult.txt",
			);
			runOnlyForDeploymentPostprocessing = 0;
			shellPath = /bin/sh;
			shellScript = "diff \"${PODS_PODFILE_DIR_PATH}/Podfile.lock\" \"${PODS_ROOT}/Manifest.lock\" > /dev/null\nif [ $? != 0 ] ; then\n    # print error to STDERR\n    echo \"error: The sandbox is not in sync with the Podfile.lock. Run 'pod install' or update your CocoaPods installation.\" >&2\n    exit 1\nfi\n# This output is used by Xcode 'outputs' to avoid re-running this script phase.\necho \"SUCCESS\" > \"${SCRIPT_OUTPUT_FILE_0}\"\n";
			showEnvVarsInLog = 0;
		};
		82717F5D3D9017E93F8F7215 /* [CP] Embed Pods Frameworks */ = {
			isa = PBXShellScriptBuildPhase;
			buildActionMask = 2147483647;
			files = (
			);
			inputFileListPaths = (
				"${PODS_ROOT}/Target Support Files/Pods-Apple Music/Pods-Apple Music-frameworks-${CONFIGURATION}-input-files.xcfilelist",
			);
			name = "[CP] Embed Pods Frameworks";
			outputFileListPaths = (
				"${PODS_ROOT}/Target Support Files/Pods-Apple Music/Pods-Apple Music-frameworks-${CONFIGURATION}-output-files.xcfilelist",
			);
			runOnlyForDeploymentPostprocessing = 0;
			shellPath = /bin/sh;
			shellScript = "\"${PODS_ROOT}/Target Support Files/Pods-Apple Music/Pods-Apple Music-frameworks.sh\"\n";
			showEnvVarsInLog = 0;
		};
/* End PBXShellScriptBuildPhase section */

/* Begin PBXSourcesBuildPhase section */
		781C34762A72883F005A1F8E /* Sources */ = {
			isa = PBXSourcesBuildPhase;
			buildActionMask = 2147483647;
			files = (
				788D309E2A76B19100B6E049 /* SearchResponse.swift in Sources */,
				781C34942A728A33005A1F8E /* SearchViewController.swift in Sources */,
				788D30A02A76D88900B6E049 /* NetworkService.swift in Sources */,
				78F4DF392A79281F0063EC1E /* TrackDetailView.swift in Sources */,
				781C34822A72883F005A1F8E /* ViewController.swift in Sources */,
				781C347E2A72883F005A1F8E /* AppDelegate.swift in Sources */,
				781C34922A7288A4005A1F8E /* MainTabBarController.swift in Sources */,
				78F4DF322A77E49E0063EC1E /* FooterView.swift in Sources */,
				78D1A4FD2A7715FF003C0A11 /* NibLoading.swift in Sources */,
				781C34802A72883F005A1F8E /* SceneDelegate.swift in Sources */,
				78D1A4F82A7713AA003C0A11 /* TrackCell.swift in Sources */,
				78D1A4FB2A7715F3003C0A11 /* Cell-ID.swift in Sources */,
			);
			runOnlyForDeploymentPostprocessing = 0;
		};
/* End PBXSourcesBuildPhase section */

/* Begin PBXVariantGroup section */
		781C34832A72883F005A1F8E /* Main.storyboard */ = {
			isa = PBXVariantGroup;
			children = (
				781C34842A72883F005A1F8E /* Base */,
			);
			name = Main.storyboard;
			sourceTree = "<group>";
		};
		781C34882A728841005A1F8E /* LaunchScreen.storyboard */ = {
			isa = PBXVariantGroup;
			children = (
				781C34892A728841005A1F8E /* Base */,
			);
			name = LaunchScreen.storyboard;
			sourceTree = "<group>";
		};
/* End PBXVariantGroup section */

/* Begin XCBuildConfiguration section */
		781C348C2A728841005A1F8E /* Debug */ = {
			isa = XCBuildConfiguration;
			buildSettings = {
				ALWAYS_SEARCH_USER_PATHS = NO;
				CLANG_ANALYZER_NONNULL = YES;
				CLANG_ANALYZER_NUMBER_OBJECT_CONVERSION = YES_AGGRESSIVE;
				CLANG_CXX_LANGUAGE_STANDARD = "gnu++20";
				CLANG_ENABLE_MODULES = YES;
				CLANG_ENABLE_OBJC_ARC = YES;
				CLANG_ENABLE_OBJC_WEAK = YES;
				CLANG_WARN_BLOCK_CAPTURE_AUTORELEASING = YES;
				CLANG_WARN_BOOL_CONVERSION = YES;
				CLANG_WARN_COMMA = YES;
				CLANG_WARN_CONSTANT_CONVERSION = YES;
				CLANG_WARN_DEPRECATED_OBJC_IMPLEMENTATIONS = YES;
				CLANG_WARN_DIRECT_OBJC_ISA_USAGE = YES_ERROR;
				CLANG_WARN_DOCUMENTATION_COMMENTS = YES;
				CLANG_WARN_EMPTY_BODY = YES;
				CLANG_WARN_ENUM_CONVERSION = YES;
				CLANG_WARN_INFINITE_RECURSION = YES;
				CLANG_WARN_INT_CONVERSION = YES;
				CLANG_WARN_NON_LITERAL_NULL_CONVERSION = YES;
				CLANG_WARN_OBJC_IMPLICIT_RETAIN_SELF = YES;
				CLANG_WARN_OBJC_LITERAL_CONVERSION = YES;
				CLANG_WARN_OBJC_ROOT_CLASS = YES_ERROR;
				CLANG_WARN_QUOTED_INCLUDE_IN_FRAMEWORK_HEADER = YES;
				CLANG_WARN_RANGE_LOOP_ANALYSIS = YES;
				CLANG_WARN_STRICT_PROTOTYPES = YES;
				CLANG_WARN_SUSPICIOUS_MOVE = YES;
				CLANG_WARN_UNGUARDED_AVAILABILITY = YES_AGGRESSIVE;
				CLANG_WARN_UNREACHABLE_CODE = YES;
				CLANG_WARN__DUPLICATE_METHOD_MATCH = YES;
				COPY_PHASE_STRIP = NO;
				DEBUG_INFORMATION_FORMAT = dwarf;
				ENABLE_STRICT_OBJC_MSGSEND = YES;
				ENABLE_TESTABILITY = YES;
				GCC_C_LANGUAGE_STANDARD = gnu11;
				GCC_DYNAMIC_NO_PIC = NO;
				GCC_NO_COMMON_BLOCKS = YES;
				GCC_OPTIMIZATION_LEVEL = 0;
				GCC_PREPROCESSOR_DEFINITIONS = (
					"DEBUG=1",
					"$(inherited)",
				);
				GCC_WARN_64_TO_32_BIT_CONVERSION = YES;
				GCC_WARN_ABOUT_RETURN_TYPE = YES_ERROR;
				GCC_WARN_UNDECLARED_SELECTOR = YES;
				GCC_WARN_UNINITIALIZED_AUTOS = YES_AGGRESSIVE;
				GCC_WARN_UNUSED_FUNCTION = YES;
				GCC_WARN_UNUSED_VARIABLE = YES;
				IPHONEOS_DEPLOYMENT_TARGET = 16.2;
				MTL_ENABLE_DEBUG_INFO = INCLUDE_SOURCE;
				MTL_FAST_MATH = YES;
				ONLY_ACTIVE_ARCH = YES;
				SDKROOT = iphoneos;
				SWIFT_ACTIVE_COMPILATION_CONDITIONS = DEBUG;
				SWIFT_OPTIMIZATION_LEVEL = "-Onone";
			};
			name = Debug;
		};
		781C348D2A728841005A1F8E /* Release */ = {
			isa = XCBuildConfiguration;
			buildSettings = {
				ALWAYS_SEARCH_USER_PATHS = NO;
				CLANG_ANALYZER_NONNULL = YES;
				CLANG_ANALYZER_NUMBER_OBJECT_CONVERSION = YES_AGGRESSIVE;
				CLANG_CXX_LANGUAGE_STANDARD = "gnu++20";
				CLANG_ENABLE_MODULES = YES;
				CLANG_ENABLE_OBJC_ARC = YES;
				CLANG_ENABLE_OBJC_WEAK = YES;
				CLANG_WARN_BLOCK_CAPTURE_AUTORELEASING = YES;
				CLANG_WARN_BOOL_CONVERSION = YES;
				CLANG_WARN_COMMA = YES;
				CLANG_WARN_CONSTANT_CONVERSION = YES;
				CLANG_WARN_DEPRECATED_OBJC_IMPLEMENTATIONS = YES;
				CLANG_WARN_DIRECT_OBJC_ISA_USAGE = YES_ERROR;
				CLANG_WARN_DOCUMENTATION_COMMENTS = YES;
				CLANG_WARN_EMPTY_BODY = YES;
				CLANG_WARN_ENUM_CONVERSION = YES;
				CLANG_WARN_INFINITE_RECURSION = YES;
				CLANG_WARN_INT_CONVERSION = YES;
				CLANG_WARN_NON_LITERAL_NULL_CONVERSION = YES;
				CLANG_WARN_OBJC_IMPLICIT_RETAIN_SELF = YES;
				CLANG_WARN_OBJC_LITERAL_CONVERSION = YES;
				CLANG_WARN_OBJC_ROOT_CLASS = YES_ERROR;
				CLANG_WARN_QUOTED_INCLUDE_IN_FRAMEWORK_HEADER = YES;
				CLANG_WARN_RANGE_LOOP_ANALYSIS = YES;
				CLANG_WARN_STRICT_PROTOTYPES = YES;
				CLANG_WARN_SUSPICIOUS_MOVE = YES;
				CLANG_WARN_UNGUARDED_AVAILABILITY = YES_AGGRESSIVE;
				CLANG_WARN_UNREACHABLE_CODE = YES;
				CLANG_WARN__DUPLICATE_METHOD_MATCH = YES;
				COPY_PHASE_STRIP = NO;
				DEBUG_INFORMATION_FORMAT = "dwarf-with-dsym";
				ENABLE_NS_ASSERTIONS = NO;
				ENABLE_STRICT_OBJC_MSGSEND = YES;
				GCC_C_LANGUAGE_STANDARD = gnu11;
				GCC_NO_COMMON_BLOCKS = YES;
				GCC_WARN_64_TO_32_BIT_CONVERSION = YES;
				GCC_WARN_ABOUT_RETURN_TYPE = YES_ERROR;
				GCC_WARN_UNDECLARED_SELECTOR = YES;
				GCC_WARN_UNINITIALIZED_AUTOS = YES_AGGRESSIVE;
				GCC_WARN_UNUSED_FUNCTION = YES;
				GCC_WARN_UNUSED_VARIABLE = YES;
				IPHONEOS_DEPLOYMENT_TARGET = 16.2;
				MTL_ENABLE_DEBUG_INFO = NO;
				MTL_FAST_MATH = YES;
				SDKROOT = iphoneos;
				SWIFT_COMPILATION_MODE = wholemodule;
				SWIFT_OPTIMIZATION_LEVEL = "-O";
				VALIDATE_PRODUCT = YES;
			};
			name = Release;
		};
		781C348F2A728841005A1F8E /* Debug */ = {
			isa = XCBuildConfiguration;
			baseConfigurationReference = FAE1493713704004FB120C31 /* Pods-Apple Music.debug.xcconfig */;
			buildSettings = {
				ASSETCATALOG_COMPILER_APPICON_NAME = AppIcon;
				ASSETCATALOG_COMPILER_GLOBAL_ACCENT_COLOR_NAME = AccentColor;
				CODE_SIGN_STYLE = Automatic;
				CURRENT_PROJECT_VERSION = 1;
				DEVELOPMENT_TEAM = AQPM435HZ6;
				GENERATE_INFOPLIST_FILE = YES;
				INFOPLIST_FILE = "Apple Music/Supporting Files/Info.plist";
				INFOPLIST_KEY_UIApplicationSupportsIndirectInputEvents = YES;
				INFOPLIST_KEY_UILaunchStoryboardName = LaunchScreen;
				INFOPLIST_KEY_UIMainStoryboardFile = Main;
				INFOPLIST_KEY_UISupportedInterfaceOrientations_iPad = "UIInterfaceOrientationPortrait UIInterfaceOrientationPortraitUpsideDown UIInterfaceOrientationLandscapeLeft UIInterfaceOrientationLandscapeRight";
				INFOPLIST_KEY_UISupportedInterfaceOrientations_iPhone = "UIInterfaceOrientationPortrait UIInterfaceOrientationLandscapeLeft UIInterfaceOrientationLandscapeRight";
				LD_RUNPATH_SEARCH_PATHS = (
					"$(inherited)",
					"@executable_path/Frameworks",
				);
				MARKETING_VERSION = 1.0;
				PRODUCT_BUNDLE_IDENTIFIER = "com.example.Apple-Music";
				PRODUCT_NAME = "$(TARGET_NAME)";
				SWIFT_EMIT_LOC_STRINGS = YES;
				SWIFT_VERSION = 5.0;
				TARGETED_DEVICE_FAMILY = "1,2";
			};
			name = Debug;
		};
		781C34902A728841005A1F8E /* Release */ = {
			isa = XCBuildConfiguration;
			baseConfigurationReference = 4C94EB54D9F58E274A4BAAB5 /* Pods-Apple Music.release.xcconfig */;
			buildSettings = {
				ASSETCATALOG_COMPILER_APPICON_NAME = AppIcon;
				ASSETCATALOG_COMPILER_GLOBAL_ACCENT_COLOR_NAME = AccentColor;
				CODE_SIGN_STYLE = Automatic;
				CURRENT_PROJECT_VERSION = 1;
				DEVELOPMENT_TEAM = AQPM435HZ6;
				GENERATE_INFOPLIST_FILE = YES;
				INFOPLIST_FILE = "Apple Music/Supporting Files/Info.plist";
				INFOPLIST_KEY_UIApplicationSupportsIndirectInputEvents = YES;
				INFOPLIST_KEY_UILaunchStoryboardName = LaunchScreen;
				INFOPLIST_KEY_UIMainStoryboardFile = Main;
				INFOPLIST_KEY_UISupportedInterfaceOrientations_iPad = "UIInterfaceOrientationPortrait UIInterfaceOrientationPortraitUpsideDown UIInterfaceOrientationLandscapeLeft UIInterfaceOrientationLandscapeRight";
				INFOPLIST_KEY_UISupportedInterfaceOrientations_iPhone = "UIInterfaceOrientationPortrait UIInterfaceOrientationLandscapeLeft UIInterfaceOrientationLandscapeRight";
				LD_RUNPATH_SEARCH_PATHS = (
					"$(inherited)",
					"@executable_path/Frameworks",
				);
				MARKETING_VERSION = 1.0;
				PRODUCT_BUNDLE_IDENTIFIER = "com.example.Apple-Music";
				PRODUCT_NAME = "$(TARGET_NAME)";
				SWIFT_EMIT_LOC_STRINGS = YES;
				SWIFT_VERSION = 5.0;
				TARGETED_DEVICE_FAMILY = "1,2";
			};
			name = Release;
		};
/* End XCBuildConfiguration section */

/* Begin XCConfigurationList section */
		781C34752A72883F005A1F8E /* Build configuration list for PBXProject "Apple Music" */ = {
			isa = XCConfigurationList;
			buildConfigurations = (
				781C348C2A728841005A1F8E /* Debug */,
				781C348D2A728841005A1F8E /* Release */,
			);
			defaultConfigurationIsVisible = 0;
			defaultConfigurationName = Release;
		};
		781C348E2A728841005A1F8E /* Build configuration list for PBXNativeTarget "Apple Music" */ = {
			isa = XCConfigurationList;
			buildConfigurations = (
				781C348F2A728841005A1F8E /* Debug */,
				781C34902A728841005A1F8E /* Release */,
			);
			defaultConfigurationIsVisible = 0;
			defaultConfigurationName = Release;
		};
/* End XCConfigurationList section */
	};
	rootObject = 781C34722A72883F005A1F8E /* Project object */;
}
