PODS:
  - Alamofire (5.7.1)
  - SDWebImage (5.17.0):
    - SDWebImage/Core (= 5.17.0)
  - SDWebImage/Core (5.17.0)

DEPENDENCIES:
  - Alamofire
  - SDWebImage (~> 5.0)

SPEC REPOS:
  trunk:
    - Alamofire
    - SDWebImage

SPEC CHECKSUMS:
  Alamofire: 0123a34370cb170936ae79a8df46cc62b2edeb88
  SDWebImage: 750adf017a315a280c60fde706ab1e552a3ae4e9

PODFILE CHECKSUM: eaf4949f9887a865dc91d8d414ca4cab5050e1e4

COCOAPODS: 1.12.1
